
Microsoft Visual Studio Solution File, Format Version 11.00
# Visual C# Express 2010
Project("{FAE04EC0-301F-11D3-BF4B-00C04F79EFBC}") = "RLE_QuadTree", "RLE_QuadTree\RLE_QuadTree.csproj", "{234B2D43-44FB-4B6A-8382-CE14C251DBA1}"
EndProject
Global
	GlobalSection(SolutionConfigurationPlatforms) = preSolution
		Debug|x86 = Debug|x86
		Release|x86 = Release|x86
	EndGlobalSection
	GlobalSection(ProjectConfigurationPlatforms) = postSolution
		{234B2D43-44FB-4B6A-8382-CE14C251DBA1}.Debug|x86.ActiveCfg = Debug|x86
		{234B2D43-44FB-4B6A-8382-CE14C251DBA1}.Debug|x86.Build.0 = Debug|x86
		{234B2D43-44FB-4B6A-8382-CE14C251DBA1}.Release|x86.ActiveCfg = Release|x86
		{234B2D43-44FB-4B6A-8382-CE14C251DBA1}.Release|x86.Build.0 = Release|x86
	EndGlobalSection
	GlobalSection(SolutionProperties) = preSolution
		HideSolutionNode = FALSE
	EndGlobalSection
EndGlobal
